// !$*UTF8*$!
{
	archiveVersion = 1;
	classes = {
	};
	objectVersion = 46;
	objects = {

/* Begin PBXBuildFile section */
		CED4914817471CC200EF833B /* UIKit.framework in Frameworks */ = {isa = PBXBuildFile; fileRef = CED4914717471CC200EF833B /* UIKit.framework */; };
		CED4914A17471CC200EF833B /* Foundation.framework in Frameworks */ = {isa = PBXBuildFile; fileRef = CED4914917471CC200EF833B /* Foundation.framework */; };
		CED4914C17471CC200EF833B /* CoreGraphics.framework in Frameworks */ = {isa = PBXBuildFile; fileRef = CED4914B17471CC200EF833B /* CoreGraphics.framework */; };
		CED4915217471CC200EF833B /* InfoPlist.strings in Resources */ = {isa = PBXBuildFile; fileRef = CED4915017471CC200EF833B /* InfoPlist.strings */; };
		CED4915417471CC200EF833B /* main.m in Sources */ = {isa = PBXBuildFile; fileRef = CED4915317471CC200EF833B /* main.m */; };
		CED4915817471CC200EF833B /* SYFAppDelegate.m in Sources */ = {isa = PBXBuildFile; fileRef = CED4915717471CC200EF833B /* SYFAppDelegate.m */; };
		CED4915A17471CC200EF833B /* Default.png in Resources */ = {isa = PBXBuildFile; fileRef = CED4915917471CC200EF833B /* Default.png */; };
		CED4915C17471CC200EF833B /* Default@2x.png in Resources */ = {isa = PBXBuildFile; fileRef = CED4915B17471CC200EF833B /* Default@2x.png */; };
		CED4915E17471CC200EF833B /* Default-568h@2x.png in Resources */ = {isa = PBXBuildFile; fileRef = CED4915D17471CC200EF833B /* Default-568h@2x.png */; };
/* End PBXBuildFile section */

/* Begin PBXFileReference section */
		CED4914317471CC200EF833B /* Demo.app */ = {isa = PBXFileReference; explicitFileType = wrapper.application; includeInIndex = 0; path = Demo.app; sourceTree = BUILT_PRODUCTS_DIR; };
		CED4914717471CC200EF833B /* UIKit.framework */ = {isa = PBXFileReference; lastKnownFileType = wrapper.framework; name = UIKit.framework; path = System/Library/Frameworks/UIKit.framework; sourceTree = SDKROOT; };
		CED4914917471CC200EF833B /* Foundation.framework */ = {isa = PBXFileReference; lastKnownFileType = wrapper.framework; name = Foundation.framework; path = System/Library/Frameworks/Foundation.framework; sourceTree = SDKROOT; };
		CED4914B17471CC200EF833B /* CoreGraphics.framework */ = {isa = PBXFileReference; lastKnownFileType = wrapper.framework; name = CoreGraphics.framework; path = System/Library/Frameworks/CoreGraphics.framework; sourceTree = SDKROOT; };
		CED4914F17471CC200EF833B /* Demo-Info.plist */ = {isa = PBXFileReference; lastKnownFileType = text.plist.xml; path = "Demo-Info.plist"; sourceTree = "<group>"; };
		CED4915117471CC200EF833B /* en */ = {isa = PBXFileReference; lastKnownFileType = text.plist.strings; name = en; path = en.lproj/InfoPlist.strings; sourceTree = "<group>"; };
		CED4915317471CC200EF833B /* main.m */ = {isa = PBXFileReference; lastKnownFileType = sourcecode.c.objc; path = main.m; sourceTree = "<group>"; };
		CED4915517471CC200EF833B /* Demo-Prefix.pch */ = {isa = PBXFileReference; lastKnownFileType = sourcecode.c.h; path = "Demo-Prefix.pch"; sourceTree = "<group>"; };
		CED4915617471CC200EF833B /* SYFAppDelegate.h */ = {isa = PBXFileReference; lastKnownFileType = sourcecode.c.h; path = SYFAppDelegate.h; sourceTree = "<group>"; };
		CED4915717471CC200EF833B /* SYFAppDelegate.m */ = {isa = PBXFileReference; lastKnownFileType = sourcecode.c.objc; path = SYFAppDelegate.m; sourceTree = "<group>"; };
		CED4915917471CC200EF833B /* Default.png */ = {isa = PBXFileReference; lastKnownFileType = image.png; path = Default.png; sourceTree = "<group>"; };
		CED4915B17471CC200EF833B /* Default@2x.png */ = {isa = PBXFileReference; lastKnownFileType = image.png; path = "Default@2x.png"; sourceTree = "<group>"; };
		CED4915D17471CC200EF833B /* Default-568h@2x.png */ = {isa = PBXFileReference; lastKnownFileType = image.png; path = "Default-568h@2x.png"; sourceTree = "<group>"; };
/* End PBXFileReference section */

/* Begin PBXFrameworksBuildPhase section */
		CED4914017471CC200EF833B /* Frameworks */ = {
			isa = PBXFrameworksBuildPhase;
			buildActionMask = 2147483647;
			files = (
				CED4914817471CC200EF833B /* UIKit.framework in Frameworks */,
				CED4914A17471CC200EF833B /* Foundation.framework in Frameworks */,
				CED4914C17471CC200EF833B /* CoreGraphics.framework in Frameworks */,
			);
			runOnlyForDeploymentPostprocessing = 0;
		};
/* End PBXFrameworksBuildPhase section */

/* Begin PBXGroup section */
		CED4913817471CC200EF833B = {
			isa = PBXGroup;
			children = (
				CED4914D17471CC200EF833B /* Demo */,
				CED4914617471CC200EF833B /* Frameworks */,
				CED4914417471CC200EF833B /* Products */,
			);
			sourceTree = "<group>";
		};
		CED4914417471CC200EF833B /* Products */ = {
			isa = PBXGroup;
			children = (
				CED4914317471CC200EF833B /* Demo.app */,
			);
			name = Products;
			sourceTree = "<group>";
		};
		CED4914617471CC200EF833B /* Frameworks */ = {
			isa = PBXGroup;
			children = (
				CED4914717471CC200EF833B /* UIKit.framework */,
				CED4914917471CC200EF833B /* Foundation.framework */,
				CED4914B17471CC200EF833B /* CoreGraphics.framework */,
			);
			name = Frameworks;
			sourceTree = "<group>";
		};
		CED4914D17471CC200EF833B /* Demo */ = {
			isa = PBXGroup;
			children = (
				CED4915617471CC200EF833B /* SYFAppDelegate.h */,
				CED4915717471CC200EF833B /* SYFAppDelegate.m */,
				CED4914E17471CC200EF833B /* Supporting Files */,
			);
			path = Demo;
			sourceTree = "<group>";
		};
		CED4914E17471CC200EF833B /* Supporting Files */ = {
			isa = PBXGroup;
			children = (
				CED4914F17471CC200EF833B /* Demo-Info.plist */,
				CED4915017471CC200EF833B /* InfoPlist.strings */,
				CED4915317471CC200EF833B /* main.m */,
				CED4915517471CC200EF833B /* Demo-Prefix.pch */,
				CED4915917471CC200EF833B /* Default.png */,
				CED4915B17471CC200EF833B /* Default@2x.png */,
				CED4915D17471CC200EF833B /* Default-568h@2x.png */,
			);
			name = "Supporting Files";
			sourceTree = "<group>";
		};
/* End PBXGroup section */

/* Begin PBXNativeTarget section */
		CED4914217471CC200EF833B /* Demo */ = {
			isa = PBXNativeTarget;
			buildConfigurationList = CED4916117471CC200EF833B /* Build configuration list for PBXNativeTarget "Demo" */;
			buildPhases = (
				CED4913F17471CC200EF833B /* Sources */,
				CED4914017471CC200EF833B /* Frameworks */,
				CED4914117471CC200EF833B /* Resources */,
			);
			buildRules = (
			);
			dependencies = (
			);
			name = Demo;
			productName = Demo;
			productReference = CED4914317471CC200EF833B /* Demo.app */;
			productType = "com.apple.product-type.application";
		};
/* End PBXNativeTarget section */

/* Begin PBXProject section */
		CED4913A17471CC200EF833B /* Project object */ = {
			isa = PBXProject;
			attributes = {
				CLASSPREFIX = SYF;
				LastUpgradeCheck = 0450;
				ORGANIZATIONNAME = floydshen;
			};
			buildConfigurationList = CED4913D17471CC200EF833B /* Build configuration list for PBXProject "Demo" */;
			compatibilityVersion = "Xcode 3.2";
			developmentRegion = English;
			hasScannedForEncodings = 0;
			knownRegions = (
				en,
			);
			mainGroup = CED4913817471CC200EF833B;
			productRefGroup = CED4914417471CC200EF833B /* Products */;
			projectDirPath = "";
			projectRoot = "";
			targets = (
				CED4914217471CC200EF833B /* Demo */,
			);
		};
/* End PBXProject section */

/* Begin PBXResourcesBuildPhase section */
		CED4914117471CC200EF833B /* Resources */ = {
			isa = PBXResourcesBuildPhase;
			buildActionMask = 2147483647;
			files = (
				CED4915217471CC200EF833B /* InfoPlist.strings in Resources */,
				CED4915A17471CC200EF833B /* Default.png in Resources */,
				CED4915C17471CC200EF833B /* Default@2x.png in Resources */,
				CED4915E17471CC200EF833B /* Default-568h@2x.png in Resources */,
			);
			runOnlyForDeploymentPostprocessing = 0;
		};
/* End PBXResourcesBuildPhase section */

/* Begin PBXSourcesBuildPhase section */
		CED4913F17471CC200EF833B /* Sources */ = {
			isa = PBXSourcesBuildPhase;
			buildActionMask = 2147483647;
			files = (
				CED4915417471CC200EF833B /* main.m in Sources */,
				CED4915817471CC200EF833B /* SYFAppDelegate.m in Sources */,
			);
			runOnlyForDeploymentPostprocessing = 0;
		};
/* End PBXSourcesBuildPhase section */

/* Begin PBXVariantGroup section */
		CED4915017471CC200EF833B /* InfoPlist.strings */ = {
			isa = PBXVariantGroup;
			children = (
				CED4915117471CC200EF833B /* en */,
			);
			name = InfoPlist.strings;
			sourceTree = "<group>";
		};
/* End PBXVariantGroup section */

/* Begin XCBuildConfiguration section */
		CED4915F17471CC200EF833B /* Debug */ = {
			isa = XCBuildConfiguration;
			buildSettings = {
				ALWAYS_SEARCH_USER_PATHS = NO;
				CLANG_CXX_LANGUAGE_STANDARD = "gnu++0x";
				CLANG_CXX_LIBRARY = "libc++";
				CLANG_WARN_EMPTY_BODY = YES;
				CLANG_WARN__DUPLICATE_METHOD_MATCH = YES;
				"CODE_SIGN_IDENTITY[sdk=iphoneos*]" = "iPhone Developer";
				COPY_PHASE_STRIP = NO;
				GCC_C_LANGUAGE_STANDARD = gnu99;
				GCC_DYNAMIC_NO_PIC = NO;
				GCC_OPTIMIZATION_LEVEL = 0;
				GCC_PREPROCESSOR_DEFINITIONS = (
					"DEBUG=1",
					"$(inherited)",
				);
				GCC_SYMBOLS_PRIVATE_EXTERN = NO;
				GCC_WARN_ABOUT_RETURN_TYPE = YES;
				GCC_WARN_UNINITIALIZED_AUTOS = YES;
				GCC_WARN_UNUSED_VARIABLE = YES;
				IPHONEOS_DEPLOYMENT_TARGET = 6.0;
				ONLY_ACTIVE_ARCH = YES;
				SDKROOT = iphoneos;
				TARGETED_DEVICE_FAMILY = 2;
			};
			name = Debug;
		};
		CED4916017471CC200EF833B /* Release */ = {
			isa = XCBuildConfiguration;
			buildSettings = {
				ALWAYS_SEARCH_USER_PATHS = NO;
				CLANG_CXX_LANGUAGE_STANDARD = "gnu++0x";
				CLANG_CXX_LIBRARY = "libc++";
				CLANG_WARN_EMPTY_BODY = YES;
				CLANG_WARN__DUPLICATE_METHOD_MATCH = YES;
				"CODE_SIGN_IDENTITY[sdk=iphoneos*]" = "iPhone Developer";
				COPY_PHASE_STRIP = YES;
				GCC_C_LANGUAGE_STANDARD = gnu99;
				GCC_WARN_ABOUT_RETURN_TYPE = YES;
				GCC_WARN_UNINITIALIZED_AUTOS = YES;
				GCC_WARN_UNUSED_VARIABLE = YES;
				IPHONEOS_DEPLOYMENT_TARGET = 6.0;
				OTHER_CFLAGS = "-DNS_BLOCK_ASSERTIONS=1";
				SDKROOT = iphoneos;
				TARGETED_DEVICE_FAMILY = 2;
				VALIDATE_PRODUCT = YES;
			};
			name = Release;
		};
		CED4916217471CC200EF833B /* Debug */ = {
			isa = XCBuildConfiguration;
			buildSettings = {
				GCC_PRECOMPILE_PREFIX_HEADER = YES;
				GCC_PREFIX_HEADER = "Demo/Demo-Prefix.pch";
				INFOPLIST_FILE = "Demo/Demo-Info.plist";
				PRODUCT_NAME = "$(TARGET_NAME)";
				WRAPPER_EXTENSION = app;
			};
			name = Debug;
		};
		CED4916317471CC200EF833B /* Release */ = {
			isa = XCBuildConfiguration;
			buildSettings = {
				GCC_PRECOMPILE_PREFIX_HEADER = YES;
				GCC_PREFIX_HEADER = "Demo/Demo-Prefix.pch";
				INFOPLIST_FILE = "Demo/Demo-Info.plist";
				PRODUCT_NAME = "$(TARGET_NAME)";
				WRAPPER_EXTENSION = app;
			};
			name = Release;
		};
/* End XCBuildConfiguration section */

/* Begin XCConfigurationList section */
		CED4913D17471CC200EF833B /* Build configuration list for PBXProject "Demo" */ = {
			isa = XCConfigurationList;
			buildConfigurations = (
				CED4915F17471CC200EF833B /* Debug */,
				CED4916017471CC200EF833B /* Release */,
			);
			defaultConfigurationIsVisible = 0;
			defaultConfigurationName = Release;
		};
		CED4916117471CC200EF833B /* Build configuration list for PBXNativeTarget "Demo" */ = {
			isa = XCConfigurationList;
			buildConfigurations = (
				CED4916217471CC200EF833B /* Debug */,
				CED4916317471CC200EF833B /* Release */,
			);
			defaultConfigurationIsVisible = 0;
		};
/* End XCConfigurationList section */
	};
	rootObject = CED4913A17471CC200EF833B /* Project object */;
}
