// !$*UTF8*$!
{
	archiveVersion = 1;
	classes = {
	};
	objectVersion = 46;
	objects = {

/* Begin PBXBuildFile section */
		602333591743D70100FA7C81 /* SYFIndexViewController.m in Sources */ = {isa = PBXBuildFile; fileRef = 602333581743D70100FA7C81 /* SYFIndexViewController.m */; };
		606C0C1B17451E580043B513 /* CoreLocation.framework in Frameworks */ = {isa = PBXBuildFile; fileRef = 606C0C1A17451E580043B513 /* CoreLocation.framework */; };
		606C0C1E17451F960043B513 /* SYFMapViewController.m in Sources */ = {isa = PBXBuildFile; fileRef = 606C0C1D17451F960043B513 /* SYFMapViewController.m */; };
		606C0C2117451FEE0043B513 /* MapKit.framework in Frameworks */ = {isa = PBXBuildFile; fileRef = 606C0C2017451FEE0043B513 /* MapKit.framework */; };
		6075C8AD1743CD2000610BFF /* UIKit.framework in Frameworks */ = {isa = PBXBuildFile; fileRef = 6075C8AC1743CD2000610BFF /* UIKit.framework */; };
		6075C8AF1743CD2000610BFF /* Foundation.framework in Frameworks */ = {isa = PBXBuildFile; fileRef = 6075C8AE1743CD2000610BFF /* Foundation.framework */; };
		6075C8B11743CD2000610BFF /* CoreGraphics.framework in Frameworks */ = {isa = PBXBuildFile; fileRef = 6075C8B01743CD2000610BFF /* CoreGraphics.framework */; };
		6075C8B71743CD2000610BFF /* InfoPlist.strings in Resources */ = {isa = PBXBuildFile; fileRef = 6075C8B51743CD2000610BFF /* InfoPlist.strings */; };
		6075C8B91743CD2000610BFF /* main.m in Sources */ = {isa = PBXBuildFile; fileRef = 6075C8B81743CD2000610BFF /* main.m */; };
		6075C8BD1743CD2000610BFF /* SYFAppDelegate.m in Sources */ = {isa = PBXBuildFile; fileRef = 6075C8BC1743CD2000610BFF /* SYFAppDelegate.m */; };
		6075C8BF1743CD2000610BFF /* Default.png in Resources */ = {isa = PBXBuildFile; fileRef = 6075C8BE1743CD2000610BFF /* Default.png */; };
		6075C8C11743CD2000610BFF /* Default@2x.png in Resources */ = {isa = PBXBuildFile; fileRef = 6075C8C01743CD2000610BFF /* Default@2x.png */; };
		6075C8C31743CD2000610BFF /* Default-568h@2x.png in Resources */ = {isa = PBXBuildFile; fileRef = 6075C8C21743CD2000610BFF /* Default-568h@2x.png */; };
		609CC1511745C8480043569C /* SYFMapViewController.m in Sources */ = {isa = PBXBuildFile; fileRef = 609CC1501745C8480043569C /* SYFMapViewController.m */; };
		609CC1531745C86D0043569C /* CoreLocation.framework in Frameworks */ = {isa = PBXBuildFile; fileRef = 609CC1521745C86D0043569C /* CoreLocation.framework */; };
		609CC1551745C8780043569C /* MapKit.framework in Frameworks */ = {isa = PBXBuildFile; fileRef = 609CC1541745C8780043569C /* MapKit.framework */; };
/* End PBXBuildFile section */

/* Begin PBXFileReference section */
		602333571743D70100FA7C81 /* SYFIndexViewController.h */ = {isa = PBXFileReference; fileEncoding = 4; lastKnownFileType = sourcecode.c.h; path = SYFIndexViewController.h; sourceTree = "<group>"; };
		602333581743D70100FA7C81 /* SYFIndexViewController.m */ = {isa = PBXFileReference; fileEncoding = 4; lastKnownFileType = sourcecode.c.objc; path = SYFIndexViewController.m; sourceTree = "<group>"; };
		606C0C1A17451E580043B513 /* CoreLocation.framework */ = {isa = PBXFileReference; lastKnownFileType = wrapper.framework; name = CoreLocation.framework; path = System/Library/Frameworks/CoreLocation.framework; sourceTree = SDKROOT; };
		606C0C1C17451F960043B513 /* SYFMapViewController.h */ = {isa = PBXFileReference; fileEncoding = 4; lastKnownFileType = sourcecode.c.h; path = SYFMapViewController.h; sourceTree = "<group>"; };
		606C0C1D17451F960043B513 /* SYFMapViewController.m */ = {isa = PBXFileReference; fileEncoding = 4; lastKnownFileType = sourcecode.c.objc; path = SYFMapViewController.m; sourceTree = "<group>"; };
		606C0C2017451FEE0043B513 /* MapKit.framework */ = {isa = PBXFileReference; lastKnownFileType = wrapper.framework; name = MapKit.framework; path = System/Library/Frameworks/MapKit.framework; sourceTree = SDKROOT; };
		6075C8A91743CD2000610BFF /* Demo.app */ = {isa = PBXFileReference; explicitFileType = wrapper.application; includeInIndex = 0; path = Demo.app; sourceTree = BUILT_PRODUCTS_DIR; };
		6075C8AC1743CD2000610BFF /* UIKit.framework */ = {isa = PBXFileReference; lastKnownFileType = wrapper.framework; name = UIKit.framework; path = System/Library/Frameworks/UIKit.framework; sourceTree = SDKROOT; };
		6075C8AE1743CD2000610BFF /* Foundation.framework */ = {isa = PBXFileReference; lastKnownFileType = wrapper.framework; name = Foundation.framework; path = System/Library/Frameworks/Foundation.framework; sourceTree = SDKROOT; };
		6075C8B01743CD2000610BFF /* CoreGraphics.framework */ = {isa = PBXFileReference; lastKnownFileType = wrapper.framework; name = CoreGraphics.framework; path = System/Library/Frameworks/CoreGraphics.framework; sourceTree = SDKROOT; };
		6075C8B41743CD2000610BFF /* Demo-Info.plist */ = {isa = PBXFileReference; lastKnownFileType = text.plist.xml; path = "Demo-Info.plist"; sourceTree = "<group>"; };
		6075C8B61743CD2000610BFF /* en */ = {isa = PBXFileReference; lastKnownFileType = text.plist.strings; name = en; path = en.lproj/InfoPlist.strings; sourceTree = "<group>"; };
		6075C8B81743CD2000610BFF /* main.m */ = {isa = PBXFileReference; lastKnownFileType = sourcecode.c.objc; path = main.m; sourceTree = "<group>"; };
		6075C8BA1743CD2000610BFF /* Demo-Prefix.pch */ = {isa = PBXFileReference; lastKnownFileType = sourcecode.c.h; path = "Demo-Prefix.pch"; sourceTree = "<group>"; };
		6075C8BB1743CD2000610BFF /* SYFAppDelegate.h */ = {isa = PBXFileReference; lastKnownFileType = sourcecode.c.h; path = SYFAppDelegate.h; sourceTree = "<group>"; };
		6075C8BC1743CD2000610BFF /* SYFAppDelegate.m */ = {isa = PBXFileReference; lastKnownFileType = sourcecode.c.objc; path = SYFAppDelegate.m; sourceTree = "<group>"; };
		6075C8BE1743CD2000610BFF /* Default.png */ = {isa = PBXFileReference; lastKnownFileType = image.png; path = Default.png; sourceTree = "<group>"; };
		6075C8C01743CD2000610BFF /* Default@2x.png */ = {isa = PBXFileReference; lastKnownFileType = image.png; path = "Default@2x.png"; sourceTree = "<group>"; };
		6075C8C21743CD2000610BFF /* Default-568h@2x.png */ = {isa = PBXFileReference; lastKnownFileType = image.png; path = "Default-568h@2x.png"; sourceTree = "<group>"; };
		609CC14F1745C8480043569C /* SYFMapViewController.h */ = {isa = PBXFileReference; fileEncoding = 4; lastKnownFileType = sourcecode.c.h; path = SYFMapViewController.h; sourceTree = "<group>"; };
		609CC1501745C8480043569C /* SYFMapViewController.m */ = {isa = PBXFileReference; fileEncoding = 4; lastKnownFileType = sourcecode.c.objc; path = SYFMapViewController.m; sourceTree = "<group>"; };
		609CC1521745C86D0043569C /* CoreLocation.framework */ = {isa = PBXFileReference; lastKnownFileType = wrapper.framework; name = CoreLocation.framework; path = System/Library/Frameworks/CoreLocation.framework; sourceTree = SDKROOT; };
		609CC1541745C8780043569C /* MapKit.framework */ = {isa = PBXFileReference; lastKnownFileType = wrapper.framework; name = MapKit.framework; path = System/Library/Frameworks/MapKit.framework; sourceTree = SDKROOT; };
/* End PBXFileReference section */

/* Begin PBXFrameworksBuildPhase section */
		6075C8A61743CD2000610BFF /* Frameworks */ = {
			isa = PBXFrameworksBuildPhase;
			buildActionMask = 2147483647;
			files = (
				606C0C2117451FEE0043B513 /* MapKit.framework in Frameworks */,
				606C0C1B17451E580043B513 /* CoreLocation.framework in Frameworks */,
				6075C8AD1743CD2000610BFF /* UIKit.framework in Frameworks */,
				6075C8AF1743CD2000610BFF /* Foundation.framework in Frameworks */,
				6075C8B11743CD2000610BFF /* CoreGraphics.framework in Frameworks */,
			);
			runOnlyForDeploymentPostprocessing = 0;
		};
/* End PBXFrameworksBuildPhase section */

/* Begin PBXGroup section */
		6023331D1743D4A700FA7C81 /* AppDelegate */ = {
			isa = PBXGroup;
			children = (
				6075C8BB1743CD2000610BFF /* SYFAppDelegate.h */,
				6075C8BC1743CD2000610BFF /* SYFAppDelegate.m */,
			);
			name = AppDelegate;
			sourceTree = "<group>";
		};
		6023331F1743D4C800FA7C81 /* View */ = {
			isa = PBXGroup;
			children = (
			);
			name = View;
			sourceTree = "<group>";
		};
		602333201743D4D000FA7C81 /* Model */ = {
			isa = PBXGroup;
			children = (
			);
			name = Model;
			sourceTree = "<group>";
		};
		602333211743D4D600FA7C81 /* Controller */ = {
			isa = PBXGroup;
			children = (
<<<<<<< HEAD
				606C0C1C17451F960043B513 /* SYFMapViewController.h */,
				606C0C1D17451F960043B513 /* SYFMapViewController.m */,
=======
				609CC14F1745C8480043569C /* SYFMapViewController.h */,
				609CC1501745C8480043569C /* SYFMapViewController.m */,
>>>>>>> e6d37e5d18b20d8bc77860194b5114db238e98ac
				602333571743D70100FA7C81 /* SYFIndexViewController.h */,
				602333581743D70100FA7C81 /* SYFIndexViewController.m */,
			);
			name = Controller;
			sourceTree = "<group>";
		};
		6075C8A01743CD2000610BFF = {
			isa = PBXGroup;
			children = (
				6075C8B21743CD2000610BFF /* Demo */,
				6075C8AB1743CD2000610BFF /* Frameworks */,
				6075C8AA1743CD2000610BFF /* Products */,
			);
			sourceTree = "<group>";
		};
		6075C8AA1743CD2000610BFF /* Products */ = {
			isa = PBXGroup;
			children = (
				6075C8A91743CD2000610BFF /* Demo.app */,
			);
			name = Products;
			sourceTree = "<group>";
		};
		6075C8AB1743CD2000610BFF /* Frameworks */ = {
			isa = PBXGroup;
			children = (
				609CC1521745C86D0043569C /* CoreLocation.framework */,
				609CC1541745C8780043569C /* MapKit.framework */,
				6075C8AC1743CD2000610BFF /* UIKit.framework */,
				6075C8AE1743CD2000610BFF /* Foundation.framework */,
				6075C8B01743CD2000610BFF /* CoreGraphics.framework */,
			);
			name = Frameworks;
			sourceTree = "<group>";
		};
		6075C8B21743CD2000610BFF /* Demo */ = {
			isa = PBXGroup;
			children = (
				602333211743D4D600FA7C81 /* Controller */,
				602333201743D4D000FA7C81 /* Model */,
				6023331F1743D4C800FA7C81 /* View */,
				6023331D1743D4A700FA7C81 /* AppDelegate */,
				6075C8B31743CD2000610BFF /* Supporting Files */,
			);
			path = Demo;
			sourceTree = "<group>";
		};
		6075C8B31743CD2000610BFF /* Supporting Files */ = {
			isa = PBXGroup;
			children = (
				6075C8B41743CD2000610BFF /* Demo-Info.plist */,
				6075C8B51743CD2000610BFF /* InfoPlist.strings */,
				6075C8B81743CD2000610BFF /* main.m */,
				6075C8BA1743CD2000610BFF /* Demo-Prefix.pch */,
				6075C8BE1743CD2000610BFF /* Default.png */,
				6075C8C01743CD2000610BFF /* Default@2x.png */,
				6075C8C21743CD2000610BFF /* Default-568h@2x.png */,
			);
			name = "Supporting Files";
			sourceTree = "<group>";
		};
/* End PBXGroup section */

/* Begin PBXNativeTarget section */
		6075C8A81743CD2000610BFF /* Demo */ = {
			isa = PBXNativeTarget;
			buildConfigurationList = 6075C8C61743CD2000610BFF /* Build configuration list for PBXNativeTarget "Demo" */;
			buildPhases = (
				6075C8A51743CD2000610BFF /* Sources */,
				6075C8A61743CD2000610BFF /* Frameworks */,
				6075C8A71743CD2000610BFF /* Resources */,
			);
			buildRules = (
			);
			dependencies = (
			);
			name = Demo;
			productName = Demo;
			productReference = 6075C8A91743CD2000610BFF /* Demo.app */;
			productType = "com.apple.product-type.application";
		};
/* End PBXNativeTarget section */

/* Begin PBXProject section */
		6075C8A11743CD2000610BFF /* Project object */ = {
			isa = PBXProject;
			attributes = {
				CLASSPREFIX = SYF;
				LastUpgradeCheck = 0460;
				ORGANIZATIONNAME = floyd;
			};
			buildConfigurationList = 6075C8A41743CD2000610BFF /* Build configuration list for PBXProject "Demo" */;
			compatibilityVersion = "Xcode 3.2";
			developmentRegion = English;
			hasScannedForEncodings = 0;
			knownRegions = (
				en,
			);
			mainGroup = 6075C8A01743CD2000610BFF;
			productRefGroup = 6075C8AA1743CD2000610BFF /* Products */;
			projectDirPath = "";
			projectRoot = "";
			targets = (
				6075C8A81743CD2000610BFF /* Demo */,
			);
		};
/* End PBXProject section */

/* Begin PBXResourcesBuildPhase section */
		6075C8A71743CD2000610BFF /* Resources */ = {
			isa = PBXResourcesBuildPhase;
			buildActionMask = 2147483647;
			files = (
				6075C8B71743CD2000610BFF /* InfoPlist.strings in Resources */,
				6075C8BF1743CD2000610BFF /* Default.png in Resources */,
				6075C8C11743CD2000610BFF /* Default@2x.png in Resources */,
				6075C8C31743CD2000610BFF /* Default-568h@2x.png in Resources */,
			);
			runOnlyForDeploymentPostprocessing = 0;
		};
/* End PBXResourcesBuildPhase section */

/* Begin PBXSourcesBuildPhase section */
		6075C8A51743CD2000610BFF /* Sources */ = {
			isa = PBXSourcesBuildPhase;
			buildActionMask = 2147483647;
			files = (
				6075C8B91743CD2000610BFF /* main.m in Sources */,
				6075C8BD1743CD2000610BFF /* SYFAppDelegate.m in Sources */,
				602333591743D70100FA7C81 /* SYFIndexViewController.m in Sources */,
				609CC1511745C8480043569C /* SYFMapViewController.m in Sources */,
			);
			runOnlyForDeploymentPostprocessing = 0;
		};
/* End PBXSourcesBuildPhase section */

/* Begin PBXVariantGroup section */
		6075C8B51743CD2000610BFF /* InfoPlist.strings */ = {
			isa = PBXVariantGroup;
			children = (
				6075C8B61743CD2000610BFF /* en */,
			);
			name = InfoPlist.strings;
			sourceTree = "<group>";
		};
/* End PBXVariantGroup section */

/* Begin XCBuildConfiguration section */
		6075C8C41743CD2000610BFF /* Debug */ = {
			isa = XCBuildConfiguration;
			buildSettings = {
				ALWAYS_SEARCH_USER_PATHS = NO;
				CLANG_CXX_LANGUAGE_STANDARD = "gnu++0x";
				CLANG_CXX_LIBRARY = "libc++";
				CLANG_WARN_CONSTANT_CONVERSION = YES;
				CLANG_WARN_EMPTY_BODY = YES;
				CLANG_WARN_ENUM_CONVERSION = YES;
				CLANG_WARN_INT_CONVERSION = YES;
				CLANG_WARN__DUPLICATE_METHOD_MATCH = YES;
				CODE_SIGN_IDENTITY = "iPhone Developer";
				"CODE_SIGN_IDENTITY[sdk=iphoneos*]" = "iPhone Developer";
				COPY_PHASE_STRIP = NO;
				GCC_C_LANGUAGE_STANDARD = gnu99;
				GCC_DYNAMIC_NO_PIC = NO;
				GCC_OPTIMIZATION_LEVEL = 0;
				GCC_PREPROCESSOR_DEFINITIONS = (
					"DEBUG=1",
					"$(inherited)",
				);
				GCC_SYMBOLS_PRIVATE_EXTERN = NO;
				GCC_WARN_ABOUT_RETURN_TYPE = YES;
				GCC_WARN_UNINITIALIZED_AUTOS = YES;
				GCC_WARN_UNUSED_VARIABLE = YES;
				IPHONEOS_DEPLOYMENT_TARGET = 6.1;
				ONLY_ACTIVE_ARCH = NO;
				PROVISIONING_PROFILE = "";
				SDKROOT = iphoneos;
				VALIDATE_PRODUCT = YES;
			};
			name = Debug;
		};
		6075C8C51743CD2000610BFF /* Release */ = {
			isa = XCBuildConfiguration;
			buildSettings = {
				ALWAYS_SEARCH_USER_PATHS = NO;
				CLANG_CXX_LANGUAGE_STANDARD = "gnu++0x";
				CLANG_CXX_LIBRARY = "libc++";
				CLANG_WARN_CONSTANT_CONVERSION = YES;
				CLANG_WARN_EMPTY_BODY = YES;
				CLANG_WARN_ENUM_CONVERSION = YES;
				CLANG_WARN_INT_CONVERSION = YES;
				CLANG_WARN__DUPLICATE_METHOD_MATCH = YES;
				CODE_SIGN_IDENTITY = "iPhone Developer";
				"CODE_SIGN_IDENTITY[sdk=iphoneos*]" = "iPhone Developer";
				COPY_PHASE_STRIP = YES;
				GCC_C_LANGUAGE_STANDARD = gnu99;
				GCC_WARN_ABOUT_RETURN_TYPE = YES;
				GCC_WARN_UNINITIALIZED_AUTOS = YES;
				GCC_WARN_UNUSED_VARIABLE = YES;
				IPHONEOS_DEPLOYMENT_TARGET = 6.1;
				ONLY_ACTIVE_ARCH = NO;
				OTHER_CFLAGS = "-DNS_BLOCK_ASSERTIONS=1";
				PROVISIONING_PROFILE = "";
				SDKROOT = iphoneos;
				VALIDATE_PRODUCT = YES;
			};
			name = Release;
		};
		6075C8C71743CD2000610BFF /* Debug */ = {
			isa = XCBuildConfiguration;
			buildSettings = {
				FRAMEWORK_SEARCH_PATHS = (
					"$(inherited)",
					"\"$(SRCROOT)\"",
				);
				GCC_PRECOMPILE_PREFIX_HEADER = YES;
				GCC_PREFIX_HEADER = "Demo/Demo-Prefix.pch";
				INFOPLIST_FILE = "Demo/Demo-Info.plist";
				PRODUCT_NAME = "$(TARGET_NAME)";
				WRAPPER_EXTENSION = app;
			};
			name = Debug;
		};
		6075C8C81743CD2000610BFF /* Release */ = {
			isa = XCBuildConfiguration;
			buildSettings = {
				FRAMEWORK_SEARCH_PATHS = (
					"$(inherited)",
					"\"$(SRCROOT)\"",
				);
				GCC_PRECOMPILE_PREFIX_HEADER = YES;
				GCC_PREFIX_HEADER = "Demo/Demo-Prefix.pch";
				INFOPLIST_FILE = "Demo/Demo-Info.plist";
				PRODUCT_NAME = "$(TARGET_NAME)";
				WRAPPER_EXTENSION = app;
			};
			name = Release;
		};
/* End XCBuildConfiguration section */

/* Begin XCConfigurationList section */
		6075C8A41743CD2000610BFF /* Build configuration list for PBXProject "Demo" */ = {
			isa = XCConfigurationList;
			buildConfigurations = (
				6075C8C41743CD2000610BFF /* Debug */,
				6075C8C51743CD2000610BFF /* Release */,
			);
			defaultConfigurationIsVisible = 0;
			defaultConfigurationName = Release;
		};
		6075C8C61743CD2000610BFF /* Build configuration list for PBXNativeTarget "Demo" */ = {
			isa = XCConfigurationList;
			buildConfigurations = (
				6075C8C71743CD2000610BFF /* Debug */,
				6075C8C81743CD2000610BFF /* Release */,
			);
			defaultConfigurationIsVisible = 0;
			defaultConfigurationName = Release;
		};
/* End XCConfigurationList section */
	};
	rootObject = 6075C8A11743CD2000610BFF /* Project object */;
}
